
Microsoft Visual Studio Solution File, Format Version 12.00
# Visual Studio 15
Project("{FAE04EC0-301F-11D3-BF4B-00C04F79EFBC}") = "NavMeshPlusEditor", "NavMeshPlusEditor.csproj", "{196D5C04-0637-C7B3-BA59-92A99BD2D943}"
EndProject
Project("{FAE04EC0-301F-11D3-BF4B-00C04F79EFBC}") = "NavMeshPlus", "NavMeshPlus.csproj", "{561491AE-6683-F356-7D00-EC66FFF5FBB5}"
EndProject
Project("{FAE04EC0-301F-11D3-BF4B-00C04F79EFBC}") = "Assembly-CSharp", "Assembly-CSharp.csproj", "{CC421F72-0D86-4E53-3577-C409649E1252}"
EndProject
Global
	GlobalSection(SolutionConfigurationPlatforms) = preSolution
		Debug|Any CPU = Debug|Any CPU
		Release|Any CPU = Release|Any CPU
	EndGlobalSection
	GlobalSection(ProjectConfigurationPlatforms) = postSolution
		{196D5C04-0637-C7B3-BA59-92A99BD2D943}.Debug|Any CPU.ActiveCfg = Debug|Any CPU
		{196D5C04-0637-C7B3-BA59-92A99BD2D943}.Debug|Any CPU.Build.0 = Debug|Any CPU
		{196D5C04-0637-C7B3-BA59-92A99BD2D943}.Release|Any CPU.ActiveCfg = Release|Any CPU
		{196D5C04-0637-C7B3-BA59-92A99BD2D943}.Release|Any CPU.Build.0 = Release|Any CPU
		{561491AE-6683-F356-7D00-EC66FFF5FBB5}.Debug|Any CPU.ActiveCfg = Debug|Any CPU
		{561491AE-6683-F356-7D00-EC66FFF5FBB5}.Debug|Any CPU.Build.0 = Debug|Any CPU
		{561491AE-6683-F356-7D00-EC66FFF5FBB5}.Release|Any CPU.ActiveCfg = Release|Any CPU
		{561491AE-6683-F356-7D00-EC66FFF5FBB5}.Release|Any CPU.Build.0 = Release|Any CPU
		{CC421F72-0D86-4E53-3577-C409649E1252}.Debug|Any CPU.ActiveCfg = Debug|Any CPU
		{CC421F72-0D86-4E53-3577-C409649E1252}.Debug|Any CPU.Build.0 = Debug|Any CPU
		{CC421F72-0D86-4E53-3577-C409649E1252}.Release|Any CPU.ActiveCfg = Release|Any CPU
		{CC421F72-0D86-4E53-3577-C409649E1252}.Release|Any CPU.Build.0 = Release|Any CPU
	EndGlobalSection
	GlobalSection(SolutionProperties) = preSolution
		HideSolutionNode = FALSE
	EndGlobalSection
EndGlobal
